// !$*UTF8*$!
{
	archiveVersion = 1;
	classes = {
	};
	objectVersion = 55;
	objects = {

/* Begin PBXBuildFile section */
		7103B869297C5FA300911FE1 /* ItemModel.swift in Sources */ = {isa = PBXBuildFile; fileRef = 7103B868297C5FA300911FE1 /* ItemModel.swift */; };
		7103B86C297C6DB700911FE1 /* ListViewModel.swift in Sources */ = {isa = PBXBuildFile; fileRef = 7103B86B297C6DB700911FE1 /* ListViewModel.swift */; };
		718AF625297C2F1F0046F9DB /* SwiftUI_ToDo_ListApp.swift in Sources */ = {isa = PBXBuildFile; fileRef = 718AF615297C2F1D0046F9DB /* SwiftUI_ToDo_ListApp.swift */; };
		718AF626297C2F1F0046F9DB /* SwiftUI_ToDo_ListApp.swift in Sources */ = {isa = PBXBuildFile; fileRef = 718AF615297C2F1D0046F9DB /* SwiftUI_ToDo_ListApp.swift */; };
		718AF629297C2F1F0046F9DB /* Assets.xcassets in Resources */ = {isa = PBXBuildFile; fileRef = 718AF617297C2F1F0046F9DB /* Assets.xcassets */; };
		718AF62A297C2F1F0046F9DB /* Assets.xcassets in Resources */ = {isa = PBXBuildFile; fileRef = 718AF617297C2F1F0046F9DB /* Assets.xcassets */; };
		718AF637297C48FB0046F9DB /* ListView.swift in Sources */ = {isa = PBXBuildFile; fileRef = 718AF636297C48FB0046F9DB /* ListView.swift */; };
		718AF639297C4BC20046F9DB /* ListRowView.swift in Sources */ = {isa = PBXBuildFile; fileRef = 718AF638297C4BC20046F9DB /* ListRowView.swift */; };
		718AF63B297C4FB50046F9DB /* AddView.swift in Sources */ = {isa = PBXBuildFile; fileRef = 718AF63A297C4FB50046F9DB /* AddView.swift */; };
/* End PBXBuildFile section */

/* Begin PBXFileReference section */
		7103B868297C5FA300911FE1 /* ItemModel.swift */ = {isa = PBXFileReference; lastKnownFileType = sourcecode.swift; path = ItemModel.swift; sourceTree = "<group>"; };
		7103B86B297C6DB700911FE1 /* ListViewModel.swift */ = {isa = PBXFileReference; lastKnownFileType = sourcecode.swift; path = ListViewModel.swift; sourceTree = "<group>"; };
		718AF615297C2F1D0046F9DB /* SwiftUI_ToDo_ListApp.swift */ = {isa = PBXFileReference; lastKnownFileType = sourcecode.swift; path = SwiftUI_ToDo_ListApp.swift; sourceTree = "<group>"; };
		718AF617297C2F1F0046F9DB /* Assets.xcassets */ = {isa = PBXFileReference; lastKnownFileType = folder.assetcatalog; path = Assets.xcassets; sourceTree = "<group>"; };
		718AF61C297C2F1F0046F9DB /* SwiftUI-ToDo List.app */ = {isa = PBXFileReference; explicitFileType = wrapper.application; includeInIndex = 0; path = "SwiftUI-ToDo List.app"; sourceTree = BUILT_PRODUCTS_DIR; };
		718AF622297C2F1F0046F9DB /* SwiftUI-ToDo List.app */ = {isa = PBXFileReference; explicitFileType = wrapper.application; includeInIndex = 0; path = "SwiftUI-ToDo List.app"; sourceTree = BUILT_PRODUCTS_DIR; };
		718AF624297C2F1F0046F9DB /* macOS.entitlements */ = {isa = PBXFileReference; lastKnownFileType = text.plist.entitlements; path = macOS.entitlements; sourceTree = "<group>"; };
		718AF636297C48FB0046F9DB /* ListView.swift */ = {isa = PBXFileReference; lastKnownFileType = sourcecode.swift; path = ListView.swift; sourceTree = "<group>"; };
		718AF638297C4BC20046F9DB /* ListRowView.swift */ = {isa = PBXFileReference; lastKnownFileType = sourcecode.swift; path = ListRowView.swift; sourceTree = "<group>"; };
		718AF63A297C4FB50046F9DB /* AddView.swift */ = {isa = PBXFileReference; lastKnownFileType = sourcecode.swift; path = AddView.swift; sourceTree = "<group>"; };
/* End PBXFileReference section */

/* Begin PBXFrameworksBuildPhase section */
		718AF619297C2F1F0046F9DB /* Frameworks */ = {
			isa = PBXFrameworksBuildPhase;
			buildActionMask = 2147483647;
			files = (
			);
			runOnlyForDeploymentPostprocessing = 0;
		};
		718AF61F297C2F1F0046F9DB /* Frameworks */ = {
			isa = PBXFrameworksBuildPhase;
			buildActionMask = 2147483647;
			files = (
			);
			runOnlyForDeploymentPostprocessing = 0;
		};
/* End PBXFrameworksBuildPhase section */

/* Begin PBXGroup section */
		7103B867297C5F8900911FE1 /* Models */ = {
			isa = PBXGroup;
			children = (
				7103B868297C5FA300911FE1 /* ItemModel.swift */,
			);
			path = Models;
			sourceTree = "<group>";
		};
		7103B86A297C6D0F00911FE1 /* ViewModels */ = {
			isa = PBXGroup;
			children = (
				7103B86B297C6DB700911FE1 /* ListViewModel.swift */,
			);
			path = ViewModels;
			sourceTree = "<group>";
		};
		718AF60F297C2F1D0046F9DB = {
			isa = PBXGroup;
			children = (
				718AF614297C2F1D0046F9DB /* Shared */,
				718AF623297C2F1F0046F9DB /* macOS */,
				718AF61D297C2F1F0046F9DB /* Products */,
			);
			sourceTree = "<group>";
		};
		718AF614297C2F1D0046F9DB /* Shared */ = {
			isa = PBXGroup;
			children = (
				7103B86A297C6D0F00911FE1 /* ViewModels */,
				7103B867297C5F8900911FE1 /* Models */,
				718AF615297C2F1D0046F9DB /* SwiftUI_ToDo_ListApp.swift */,
				718AF633297C48A00046F9DB /* Views */,
				718AF617297C2F1F0046F9DB /* Assets.xcassets */,
			);
			path = Shared;
			sourceTree = "<group>";
		};
		718AF61D297C2F1F0046F9DB /* Products */ = {
			isa = PBXGroup;
			children = (
				718AF61C297C2F1F0046F9DB /* SwiftUI-ToDo List.app */,
				718AF622297C2F1F0046F9DB /* SwiftUI-ToDo List.app */,
			);
			name = Products;
			sourceTree = "<group>";
		};
		718AF623297C2F1F0046F9DB /* macOS */ = {
			isa = PBXGroup;
			children = (
				718AF624297C2F1F0046F9DB /* macOS.entitlements */,
			);
			path = macOS;
			sourceTree = "<group>";
		};
		718AF633297C48A00046F9DB /* Views */ = {
			isa = PBXGroup;
			children = (
				718AF636297C48FB0046F9DB /* ListView.swift */,
				718AF638297C4BC20046F9DB /* ListRowView.swift */,
				718AF63A297C4FB50046F9DB /* AddView.swift */,
			);
			path = Views;
			sourceTree = "<group>";
		};
/* End PBXGroup section */

/* Begin PBXNativeTarget section */
		718AF61B297C2F1F0046F9DB /* SwiftUI-ToDo List (iOS) */ = {
			isa = PBXNativeTarget;
			buildConfigurationList = 718AF62D297C2F1F0046F9DB /* Build configuration list for PBXNativeTarget "SwiftUI-ToDo List (iOS)" */;
			buildPhases = (
				718AF618297C2F1F0046F9DB /* Sources */,
				718AF619297C2F1F0046F9DB /* Frameworks */,
				718AF61A297C2F1F0046F9DB /* Resources */,
			);
			buildRules = (
			);
			dependencies = (
			);
			name = "SwiftUI-ToDo List (iOS)";
			productName = "SwiftUI-ToDo List (iOS)";
			productReference = 718AF61C297C2F1F0046F9DB /* SwiftUI-ToDo List.app */;
			productType = "com.apple.product-type.application";
		};
		718AF621297C2F1F0046F9DB /* SwiftUI-ToDo List (macOS) */ = {
			isa = PBXNativeTarget;
			buildConfigurationList = 718AF630297C2F1F0046F9DB /* Build configuration list for PBXNativeTarget "SwiftUI-ToDo List (macOS)" */;
			buildPhases = (
				718AF61E297C2F1F0046F9DB /* Sources */,
				718AF61F297C2F1F0046F9DB /* Frameworks */,
				718AF620297C2F1F0046F9DB /* Resources */,
			);
			buildRules = (
			);
			dependencies = (
			);
			name = "SwiftUI-ToDo List (macOS)";
			productName = "SwiftUI-ToDo List (macOS)";
			productReference = 718AF622297C2F1F0046F9DB /* SwiftUI-ToDo List.app */;
			productType = "com.apple.product-type.application";
		};
/* End PBXNativeTarget section */

/* Begin PBXProject section */
		718AF610297C2F1D0046F9DB /* Project object */ = {
			isa = PBXProject;
			attributes = {
				BuildIndependentTargetsInParallel = 1;
				LastSwiftUpdateCheck = 1340;
				LastUpgradeCheck = 1340;
				TargetAttributes = {
					718AF61B297C2F1F0046F9DB = {
						CreatedOnToolsVersion = 13.4.1;
					};
					718AF621297C2F1F0046F9DB = {
						CreatedOnToolsVersion = 13.4.1;
					};
				};
			};
			buildConfigurationList = 718AF613297C2F1D0046F9DB /* Build configuration list for PBXProject "SwiftUI-ToDo List" */;
			compatibilityVersion = "Xcode 13.0";
			developmentRegion = en;
			hasScannedForEncodings = 0;
			knownRegions = (
				en,
				Base,
			);
			mainGroup = 718AF60F297C2F1D0046F9DB;
			productRefGroup = 718AF61D297C2F1F0046F9DB /* Products */;
			projectDirPath = "";
			projectRoot = "";
			targets = (
				718AF61B297C2F1F0046F9DB /* SwiftUI-ToDo List (iOS) */,
				718AF621297C2F1F0046F9DB /* SwiftUI-ToDo List (macOS) */,
			);
		};
/* End PBXProject section */

/* Begin PBXResourcesBuildPhase section */
		718AF61A297C2F1F0046F9DB /* Resources */ = {
			isa = PBXResourcesBuildPhase;
			buildActionMask = 2147483647;
			files = (
				718AF629297C2F1F0046F9DB /* Assets.xcassets in Resources */,
			);
			runOnlyForDeploymentPostprocessing = 0;
		};
		718AF620297C2F1F0046F9DB /* Resources */ = {
			isa = PBXResourcesBuildPhase;
			buildActionMask = 2147483647;
			files = (
				718AF62A297C2F1F0046F9DB /* Assets.xcassets in Resources */,
			);
			runOnlyForDeploymentPostprocessing = 0;
		};
/* End PBXResourcesBuildPhase section */

/* Begin PBXSourcesBuildPhase section */
		718AF618297C2F1F0046F9DB /* Sources */ = {
			isa = PBXSourcesBuildPhase;
			buildActionMask = 2147483647;
			files = (
				7103B869297C5FA300911FE1 /* ItemModel.swift in Sources */,
				718AF63B297C4FB50046F9DB /* AddView.swift in Sources */,
				7103B86C297C6DB700911FE1 /* ListViewModel.swift in Sources */,
				718AF625297C2F1F0046F9DB /* SwiftUI_ToDo_ListApp.swift in Sources */,
				718AF637297C48FB0046F9DB /* ListView.swift in Sources */,
				718AF639297C4BC20046F9DB /* ListRowView.swift in Sources */,
			);
			runOnlyForDeploymentPostprocessing = 0;
		};
		718AF61E297C2F1F0046F9DB /* Sources */ = {
			isa = PBXSourcesBuildPhase;
			buildActionMask = 2147483647;
			files = (
				718AF626297C2F1F0046F9DB /* SwiftUI_ToDo_ListApp.swift in Sources */,
			);
			runOnlyForDeploymentPostprocessing = 0;
		};
/* End PBXSourcesBuildPhase section */

/* Begin XCBuildConfiguration section */
		718AF62B297C2F1F0046F9DB /* Debug */ = {
			isa = XCBuildConfiguration;
			buildSettings = {
				ALWAYS_SEARCH_USER_PATHS = NO;
				CLANG_ANALYZER_NONNULL = YES;
				CLANG_ANALYZER_NUMBER_OBJECT_CONVERSION = YES_AGGRESSIVE;
				CLANG_CXX_LANGUAGE_STANDARD = "gnu++17";
				CLANG_ENABLE_MODULES = YES;
				CLANG_ENABLE_OBJC_ARC = YES;
				CLANG_ENABLE_OBJC_WEAK = YES;
				CLANG_WARN_BLOCK_CAPTURE_AUTORELEASING = YES;
				CLANG_WARN_BOOL_CONVERSION = YES;
				CLANG_WARN_COMMA = YES;
				CLANG_WARN_CONSTANT_CONVERSION = YES;
				CLANG_WARN_DEPRECATED_OBJC_IMPLEMENTATIONS = YES;
				CLANG_WARN_DIRECT_OBJC_ISA_USAGE = YES_ERROR;
				CLANG_WARN_DOCUMENTATION_COMMENTS = YES;
				CLANG_WARN_EMPTY_BODY = YES;
				CLANG_WARN_ENUM_CONVERSION = YES;
				CLANG_WARN_INFINITE_RECURSION = YES;
				CLANG_WARN_INT_CONVERSION = YES;
				CLANG_WARN_NON_LITERAL_NULL_CONVERSION = YES;
				CLANG_WARN_OBJC_IMPLICIT_RETAIN_SELF = YES;
				CLANG_WARN_OBJC_LITERAL_CONVERSION = YES;
				CLANG_WARN_OBJC_ROOT_CLASS = YES_ERROR;
				CLANG_WARN_QUOTED_INCLUDE_IN_FRAMEWORK_HEADER = YES;
				CLANG_WARN_RANGE_LOOP_ANALYSIS = YES;
				CLANG_WARN_STRICT_PROTOTYPES = YES;
				CLANG_WARN_SUSPICIOUS_MOVE = YES;
				CLANG_WARN_UNGUARDED_AVAILABILITY = YES_AGGRESSIVE;
				CLANG_WARN_UNREACHABLE_CODE = YES;
				CLANG_WARN__DUPLICATE_METHOD_MATCH = YES;
				COPY_PHASE_STRIP = NO;
				DEBUG_INFORMATION_FORMAT = dwarf;
				ENABLE_STRICT_OBJC_MSGSEND = YES;
				ENABLE_TESTABILITY = YES;
				GCC_C_LANGUAGE_STANDARD = gnu11;
				GCC_DYNAMIC_NO_PIC = NO;
				GCC_NO_COMMON_BLOCKS = YES;
				GCC_OPTIMIZATION_LEVEL = 0;
				GCC_PREPROCESSOR_DEFINITIONS = (
					"DEBUG=1",
					"$(inherited)",
				);
				GCC_WARN_64_TO_32_BIT_CONVERSION = YES;
				GCC_WARN_ABOUT_RETURN_TYPE = YES_ERROR;
				GCC_WARN_UNDECLARED_SELECTOR = YES;
				GCC_WARN_UNINITIALIZED_AUTOS = YES_AGGRESSIVE;
				GCC_WARN_UNUSED_FUNCTION = YES;
				GCC_WARN_UNUSED_VARIABLE = YES;
				MTL_ENABLE_DEBUG_INFO = INCLUDE_SOURCE;
				MTL_FAST_MATH = YES;
				ONLY_ACTIVE_ARCH = YES;
				SWIFT_ACTIVE_COMPILATION_CONDITIONS = DEBUG;
				SWIFT_OPTIMIZATION_LEVEL = "-Onone";
			};
			name = Debug;
		};
		718AF62C297C2F1F0046F9DB /* Release */ = {
			isa = XCBuildConfiguration;
			buildSettings = {
				ALWAYS_SEARCH_USER_PATHS = NO;
				CLANG_ANALYZER_NONNULL = YES;
				CLANG_ANALYZER_NUMBER_OBJECT_CONVERSION = YES_AGGRESSIVE;
				CLANG_CXX_LANGUAGE_STANDARD = "gnu++17";
				CLANG_ENABLE_MODULES = YES;
				CLANG_ENABLE_OBJC_ARC = YES;
				CLANG_ENABLE_OBJC_WEAK = YES;
				CLANG_WARN_BLOCK_CAPTURE_AUTORELEASING = YES;
				CLANG_WARN_BOOL_CONVERSION = YES;
				CLANG_WARN_COMMA = YES;
				CLANG_WARN_CONSTANT_CONVERSION = YES;
				CLANG_WARN_DEPRECATED_OBJC_IMPLEMENTATIONS = YES;
				CLANG_WARN_DIRECT_OBJC_ISA_USAGE = YES_ERROR;
				CLANG_WARN_DOCUMENTATION_COMMENTS = YES;
				CLANG_WARN_EMPTY_BODY = YES;
				CLANG_WARN_ENUM_CONVERSION = YES;
				CLANG_WARN_INFINITE_RECURSION = YES;
				CLANG_WARN_INT_CONVERSION = YES;
				CLANG_WARN_NON_LITERAL_NULL_CONVERSION = YES;
				CLANG_WARN_OBJC_IMPLICIT_RETAIN_SELF = YES;
				CLANG_WARN_OBJC_LITERAL_CONVERSION = YES;
				CLANG_WARN_OBJC_ROOT_CLASS = YES_ERROR;
				CLANG_WARN_QUOTED_INCLUDE_IN_FRAMEWORK_HEADER = YES;
				CLANG_WARN_RANGE_LOOP_ANALYSIS = YES;
				CLANG_WARN_STRICT_PROTOTYPES = YES;
				CLANG_WARN_SUSPICIOUS_MOVE = YES;
				CLANG_WARN_UNGUARDED_AVAILABILITY = YES_AGGRESSIVE;
				CLANG_WARN_UNREACHABLE_CODE = YES;
				CLANG_WARN__DUPLICATE_METHOD_MATCH = YES;
				COPY_PHASE_STRIP = NO;
				DEBUG_INFORMATION_FORMAT = "dwarf-with-dsym";
				ENABLE_NS_ASSERTIONS = NO;
				ENABLE_STRICT_OBJC_MSGSEND = YES;
				GCC_C_LANGUAGE_STANDARD = gnu11;
				GCC_NO_COMMON_BLOCKS = YES;
				GCC_WARN_64_TO_32_BIT_CONVERSION = YES;
				GCC_WARN_ABOUT_RETURN_TYPE = YES_ERROR;
				GCC_WARN_UNDECLARED_SELECTOR = YES;
				GCC_WARN_UNINITIALIZED_AUTOS = YES_AGGRESSIVE;
				GCC_WARN_UNUSED_FUNCTION = YES;
				GCC_WARN_UNUSED_VARIABLE = YES;
				MTL_ENABLE_DEBUG_INFO = NO;
				MTL_FAST_MATH = YES;
				SWIFT_COMPILATION_MODE = wholemodule;
				SWIFT_OPTIMIZATION_LEVEL = "-O";
			};
			name = Release;
		};
		718AF62E297C2F1F0046F9DB /* Debug */ = {
			isa = XCBuildConfiguration;
			buildSettings = {
				ASSETCATALOG_COMPILER_APPICON_NAME = AppIcon;
				ASSETCATALOG_COMPILER_GLOBAL_ACCENT_COLOR_NAME = AccentColor;
				CODE_SIGN_STYLE = Automatic;
				CURRENT_PROJECT_VERSION = 1;
				DEVELOPMENT_TEAM = 4RNTGQVUYA;
				ENABLE_PREVIEWS = YES;
				GENERATE_INFOPLIST_FILE = YES;
				INFOPLIST_KEY_UIApplicationSceneManifest_Generation = YES;
				INFOPLIST_KEY_UIApplicationSupportsIndirectInputEvents = YES;
				INFOPLIST_KEY_UILaunchScreen_Generation = YES;
				INFOPLIST_KEY_UISupportedInterfaceOrientations_iPad = "UIInterfaceOrientationPortrait UIInterfaceOrientationPortraitUpsideDown UIInterfaceOrientationLandscapeLeft UIInterfaceOrientationLandscapeRight";
				INFOPLIST_KEY_UISupportedInterfaceOrientations_iPhone = "UIInterfaceOrientationPortrait UIInterfaceOrientationLandscapeLeft UIInterfaceOrientationLandscapeRight";
				IPHONEOS_DEPLOYMENT_TARGET = 15.5;
				LD_RUNPATH_SEARCH_PATHS = (
					"$(inherited)",
					"@executable_path/Frameworks",
				);
				MARKETING_VERSION = 1.0;
				PRODUCT_BUNDLE_IDENTIFIER = "root.SwiftUI-ToDo-List";
				PRODUCT_NAME = "SwiftUI-ToDo List";
				SDKROOT = iphoneos;
				SWIFT_EMIT_LOC_STRINGS = YES;
				SWIFT_VERSION = 5.0;
				TARGETED_DEVICE_FAMILY = "1,2";
			};
			name = Debug;
		};
		718AF62F297C2F1F0046F9DB /* Release */ = {
			isa = XCBuildConfiguration;
			buildSettings = {
				ASSETCATALOG_COMPILER_APPICON_NAME = AppIcon;
				ASSETCATALOG_COMPILER_GLOBAL_ACCENT_COLOR_NAME = AccentColor;
				CODE_SIGN_STYLE = Automatic;
				CURRENT_PROJECT_VERSION = 1;
				DEVELOPMENT_TEAM = 4RNTGQVUYA;
				ENABLE_PREVIEWS = YES;
				GENERATE_INFOPLIST_FILE = YES;
				INFOPLIST_KEY_UIApplicationSceneManifest_Generation = YES;
				INFOPLIST_KEY_UIApplicationSupportsIndirectInputEvents = YES;
				INFOPLIST_KEY_UILaunchScreen_Generation = YES;
				INFOPLIST_KEY_UISupportedInterfaceOrientations_iPad = "UIInterfaceOrientationPortrait UIInterfaceOrientationPortraitUpsideDown UIInterfaceOrientationLandscapeLeft UIInterfaceOrientationLandscapeRight";
				INFOPLIST_KEY_UISupportedInterfaceOrientations_iPhone = "UIInterfaceOrientationPortrait UIInterfaceOrientationLandscapeLeft UIInterfaceOrientationLandscapeRight";
				IPHONEOS_DEPLOYMENT_TARGET = 15.5;
				LD_RUNPATH_SEARCH_PATHS = (
					"$(inherited)",
					"@executable_path/Frameworks",
				);
				MARKETING_VERSION = 1.0;
				PRODUCT_BUNDLE_IDENTIFIER = "root.SwiftUI-ToDo-List";
				PRODUCT_NAME = "SwiftUI-ToDo List";
				SDKROOT = iphoneos;
				SWIFT_EMIT_LOC_STRINGS = YES;
				SWIFT_VERSION = 5.0;
				TARGETED_DEVICE_FAMILY = "1,2";
				VALIDATE_PRODUCT = YES;
			};
			name = Release;
		};
		718AF631297C2F1F0046F9DB /* Debug */ = {
			isa = XCBuildConfiguration;
			buildSettings = {
				ASSETCATALOG_COMPILER_APPICON_NAME = AppIcon;
				ASSETCATALOG_COMPILER_GLOBAL_ACCENT_COLOR_NAME = AccentColor;
				CODE_SIGN_ENTITLEMENTS = macOS/macOS.entitlements;
				CODE_SIGN_STYLE = Automatic;
				COMBINE_HIDPI_IMAGES = YES;
				CURRENT_PROJECT_VERSION = 1;
				DEVELOPMENT_TEAM = 4RNTGQVUYA;
				ENABLE_HARDENED_RUNTIME = YES;
				ENABLE_PREVIEWS = YES;
				GENERATE_INFOPLIST_FILE = YES;
				INFOPLIST_KEY_NSHumanReadableCopyright = "";
				LD_RUNPATH_SEARCH_PATHS = (
					"$(inherited)",
					"@executable_path/../Frameworks",
				);
				MACOSX_DEPLOYMENT_TARGET = 12.2;
				MARKETING_VERSION = 1.0;
				PRODUCT_BUNDLE_IDENTIFIER = "root.SwiftUI-ToDo-List";
				PRODUCT_NAME = "SwiftUI-ToDo List";
				SDKROOT = macosx;
				SWIFT_EMIT_LOC_STRINGS = YES;
				SWIFT_VERSION = 5.0;
			};
			name = Debug;
		};
		718AF632297C2F1F0046F9DB /* Release */ = {
			isa = XCBuildConfiguration;
			buildSettings = {
				ASSETCATALOG_COMPILER_APPICON_NAME = AppIcon;
				ASSETCATALOG_COMPILER_GLOBAL_ACCENT_COLOR_NAME = AccentColor;
				CODE_SIGN_ENTITLEMENTS = macOS/macOS.entitlements;
				CODE_SIGN_STYLE = Automatic;
				COMBINE_HIDPI_IMAGES = YES;
				CURRENT_PROJECT_VERSION = 1;
				DEVELOPMENT_TEAM = 4RNTGQVUYA;
				ENABLE_HARDENED_RUNTIME = YES;
				ENABLE_PREVIEWS = YES;
				GENERATE_INFOPLIST_FILE = YES;
				INFOPLIST_KEY_NSHumanReadableCopyright = "";
				LD_RUNPATH_SEARCH_PATHS = (
					"$(inherited)",
					"@executable_path/../Frameworks",
				);
				MACOSX_DEPLOYMENT_TARGET = 12.2;
				MARKETING_VERSION = 1.0;
				PRODUCT_BUNDLE_IDENTIFIER = "root.SwiftUI-ToDo-List";
				PRODUCT_NAME = "SwiftUI-ToDo List";
				SDKROOT = macosx;
				SWIFT_EMIT_LOC_STRINGS = YES;
				SWIFT_VERSION = 5.0;
			};
			name = Release;
		};
/* End XCBuildConfiguration section */

/* Begin XCConfigurationList section */
		718AF613297C2F1D0046F9DB /* Build configuration list for PBXProject "SwiftUI-ToDo List" */ = {
			isa = XCConfigurationList;
			buildConfigurations = (
				718AF62B297C2F1F0046F9DB /* Debug */,
				718AF62C297C2F1F0046F9DB /* Release */,
			);
			defaultConfigurationIsVisible = 0;
			defaultConfigurationName = Release;
		};
		718AF62D297C2F1F0046F9DB /* Build configuration list for PBXNativeTarget "SwiftUI-ToDo List (iOS)" */ = {
			isa = XCConfigurationList;
			buildConfigurations = (
				718AF62E297C2F1F0046F9DB /* Debug */,
				718AF62F297C2F1F0046F9DB /* Release */,
			);
			defaultConfigurationIsVisible = 0;
			defaultConfigurationName = Release;
		};
		718AF630297C2F1F0046F9DB /* Build configuration list for PBXNativeTarget "SwiftUI-ToDo List (macOS)" */ = {
			isa = XCConfigurationList;
			buildConfigurations = (
				718AF631297C2F1F0046F9DB /* Debug */,
				718AF632297C2F1F0046F9DB /* Release */,
			);
			defaultConfigurationIsVisible = 0;
			defaultConfigurationName = Release;
		};
/* End XCConfigurationList section */
	};
	rootObject = 718AF610297C2F1D0046F9DB /* Project object */;
}
